
Microsoft Visual Studio Solution File, Format Version 12.00
# Visual Studio Version 16
VisualStudioVersion = 16.0.31729.503
MinimumVisualStudioVersion = 10.0.40219.1
Project("{2150E333-8FDC-42A3-9474-1A3956D46DE8}") = "Solution Items", "Solution Items", "{7A42C049-CC28-40AD-97E8-8DB4CB75BA2D}"
	ProjectSection(SolutionItems) = preProject
		Dockerfile = Dockerfile
		README.md = README.md
	EndProjectSection
EndProject
Project("{2150E333-8FDC-42A3-9474-1A3956D46DE8}") = "src", "src", "{30F1E95D-B428-4F6F-A8B4-5C02CBD03654}"
EndProject
Project("{2150E333-8FDC-42A3-9474-1A3956D46DE8}") = "test", "test", "{B7969991-D7FF-49CD-8A3D-B987D974AC4B}"
EndProject
Project("{2150E333-8FDC-42A3-9474-1A3956D46DE8}") = "core", "core", "{3716D431-5B10-463D-81F0-00628ED8FEB4}"
EndProject
Project("{2150E333-8FDC-42A3-9474-1A3956D46DE8}") = "infrastructure", "infrastructure", "{5BF1473B-9D46-455F-9AEA-20AA759EEC4F}"
EndProject
Project("{2150E333-8FDC-42A3-9474-1A3956D46DE8}") = "presentation", "presentation", "{698D5479-469E-4D68-AC29-72C0DEB958FD}"
EndProject
Project("{2150E333-8FDC-42A3-9474-1A3956D46DE8}") = "shared", "shared", "{C41AFD55-C5D9-4C35-97AE-1BB353C571C0}"
EndProject
Project("{FAE04EC0-301F-11D3-BF4B-00C04F79EFBC}") = "Spex.Stock.Api", "src\presentation\Spex.Stock.Api\Spex.Stock.Api.csproj", "{F13F4BB5-4A27-4E6B-8080-875ACDBFA7C5}"
EndProject
Project("{FAE04EC0-301F-11D3-BF4B-00C04F79EFBC}") = "Application", "src\core\Application\Application.csproj", "{8390CB0E-F13F-4AE9-B76B-7A1DF28E0CBD}"
EndProject
Project("{FAE04EC0-301F-11D3-BF4B-00C04F79EFBC}") = "Common", "src\core\Common\Common.csproj", "{D4D63754-E324-4058-9009-4D995198ED42}"
EndProject
Project("{FAE04EC0-301F-11D3-BF4B-00C04F79EFBC}") = "DomainModel", "src\core\DomainModel\DomainModel.csproj", "{BA394A64-EECF-48E0-B48B-F88F6A0F25C4}"
EndProject
Project("{FAE04EC0-301F-11D3-BF4B-00C04F79EFBC}") = "DataModel", "src\core\DataModel\DataModel.csproj", "{B6F0E949-D7AF-4389-92E9-EB8B104BFC3C}"
EndProject
Project("{FAE04EC0-301F-11D3-BF4B-00C04F79EFBC}") = "Persistence", "src\infrastructure\Persistence\Persistence.csproj", "{533D6D9B-6E0E-41A2-BDBD-679DDA194631}"
EndProject
Project("{FAE04EC0-301F-11D3-BF4B-00C04F79EFBC}") = "Extensions", "src\shared\Extensions\Extensions.csproj", "{8EF8A7F3-0109-45F7-9029-07AC91410182}"
EndProject
Project("{FAE04EC0-301F-11D3-BF4B-00C04F79EFBC}") = "Pagination", "src\shared\Pagination\Pagination.csproj", "{AD8FE7E9-EB1F-4179-B5BE-52AC2BB6D896}"
EndProject
Project("{FAE04EC0-301F-11D3-BF4B-00C04F79EFBC}") = "Spex.Stock.Integration.Test", "test\Spex.Stock.Integration.Test\Spex.Stock.Integration.Test.csproj", "{BDE1B5F5-2066-4D5F-BDF9-3C227A1DCF50}"
EndProject
Global
	GlobalSection(SolutionConfigurationPlatforms) = preSolution
		Debug|Any CPU = Debug|Any CPU
		Release|Any CPU = Release|Any CPU
	EndGlobalSection
	GlobalSection(ProjectConfigurationPlatforms) = postSolution
		{F13F4BB5-4A27-4E6B-8080-875ACDBFA7C5}.Debug|Any CPU.ActiveCfg = Debug|Any CPU
		{F13F4BB5-4A27-4E6B-8080-875ACDBFA7C5}.Debug|Any CPU.Build.0 = Debug|Any CPU
		{F13F4BB5-4A27-4E6B-8080-875ACDBFA7C5}.Release|Any CPU.ActiveCfg = Release|Any CPU
		{F13F4BB5-4A27-4E6B-8080-875ACDBFA7C5}.Release|Any CPU.Build.0 = Release|Any CPU
		{8390CB0E-F13F-4AE9-B76B-7A1DF28E0CBD}.Debug|Any CPU.ActiveCfg = Debug|Any CPU
		{8390CB0E-F13F-4AE9-B76B-7A1DF28E0CBD}.Debug|Any CPU.Build.0 = Debug|Any CPU
		{8390CB0E-F13F-4AE9-B76B-7A1DF28E0CBD}.Release|Any CPU.ActiveCfg = Release|Any CPU
		{8390CB0E-F13F-4AE9-B76B-7A1DF28E0CBD}.Release|Any CPU.Build.0 = Release|Any CPU
		{D4D63754-E324-4058-9009-4D995198ED42}.Debug|Any CPU.ActiveCfg = Debug|Any CPU
		{D4D63754-E324-4058-9009-4D995198ED42}.Debug|Any CPU.Build.0 = Debug|Any CPU
		{D4D63754-E324-4058-9009-4D995198ED42}.Release|Any CPU.ActiveCfg = Release|Any CPU
		{D4D63754-E324-4058-9009-4D995198ED42}.Release|Any CPU.Build.0 = Release|Any CPU
		{BA394A64-EECF-48E0-B48B-F88F6A0F25C4}.Debug|Any CPU.ActiveCfg = Debug|Any CPU
		{BA394A64-EECF-48E0-B48B-F88F6A0F25C4}.Debug|Any CPU.Build.0 = Debug|Any CPU
		{BA394A64-EECF-48E0-B48B-F88F6A0F25C4}.Release|Any CPU.ActiveCfg = Release|Any CPU
		{BA394A64-EECF-48E0-B48B-F88F6A0F25C4}.Release|Any CPU.Build.0 = Release|Any CPU
		{B6F0E949-D7AF-4389-92E9-EB8B104BFC3C}.Debug|Any CPU.ActiveCfg = Debug|Any CPU
		{B6F0E949-D7AF-4389-92E9-EB8B104BFC3C}.Debug|Any CPU.Build.0 = Debug|Any CPU
		{B6F0E949-D7AF-4389-92E9-EB8B104BFC3C}.Release|Any CPU.ActiveCfg = Release|Any CPU
		{B6F0E949-D7AF-4389-92E9-EB8B104BFC3C}.Release|Any CPU.Build.0 = Release|Any CPU
		{533D6D9B-6E0E-41A2-BDBD-679DDA194631}.Debug|Any CPU.ActiveCfg = Debug|Any CPU
		{533D6D9B-6E0E-41A2-BDBD-679DDA194631}.Debug|Any CPU.Build.0 = Debug|Any CPU
		{533D6D9B-6E0E-41A2-BDBD-679DDA194631}.Release|Any CPU.ActiveCfg = Release|Any CPU
		{533D6D9B-6E0E-41A2-BDBD-679DDA194631}.Release|Any CPU.Build.0 = Release|Any CPU
		{8EF8A7F3-0109-45F7-9029-07AC91410182}.Debug|Any CPU.ActiveCfg = Debug|Any CPU
		{8EF8A7F3-0109-45F7-9029-07AC91410182}.Debug|Any CPU.Build.0 = Debug|Any CPU
		{8EF8A7F3-0109-45F7-9029-07AC91410182}.Release|Any CPU.ActiveCfg = Release|Any CPU
		{8EF8A7F3-0109-45F7-9029-07AC91410182}.Release|Any CPU.Build.0 = Release|Any CPU
		{AD8FE7E9-EB1F-4179-B5BE-52AC2BB6D896}.Debug|Any CPU.ActiveCfg = Debug|Any CPU
		{AD8FE7E9-EB1F-4179-B5BE-52AC2BB6D896}.Debug|Any CPU.Build.0 = Debug|Any CPU
		{AD8FE7E9-EB1F-4179-B5BE-52AC2BB6D896}.Release|Any CPU.ActiveCfg = Release|Any CPU
		{AD8FE7E9-EB1F-4179-B5BE-52AC2BB6D896}.Release|Any CPU.Build.0 = Release|Any CPU
		{BDE1B5F5-2066-4D5F-BDF9-3C227A1DCF50}.Debug|Any CPU.ActiveCfg = Debug|Any CPU
		{BDE1B5F5-2066-4D5F-BDF9-3C227A1DCF50}.Debug|Any CPU.Build.0 = Debug|Any CPU
		{BDE1B5F5-2066-4D5F-BDF9-3C227A1DCF50}.Release|Any CPU.ActiveCfg = Release|Any CPU
		{BDE1B5F5-2066-4D5F-BDF9-3C227A1DCF50}.Release|Any CPU.Build.0 = Release|Any CPU
	EndGlobalSection
	GlobalSection(SolutionProperties) = preSolution
		HideSolutionNode = FALSE
	EndGlobalSection
	GlobalSection(NestedProjects) = preSolution
		{3716D431-5B10-463D-81F0-00628ED8FEB4} = {30F1E95D-B428-4F6F-A8B4-5C02CBD03654}
		{5BF1473B-9D46-455F-9AEA-20AA759EEC4F} = {30F1E95D-B428-4F6F-A8B4-5C02CBD03654}
		{698D5479-469E-4D68-AC29-72C0DEB958FD} = {30F1E95D-B428-4F6F-A8B4-5C02CBD03654}
		{C41AFD55-C5D9-4C35-97AE-1BB353C571C0} = {30F1E95D-B428-4F6F-A8B4-5C02CBD03654}
		{F13F4BB5-4A27-4E6B-8080-875ACDBFA7C5} = {698D5479-469E-4D68-AC29-72C0DEB958FD}
		{8390CB0E-F13F-4AE9-B76B-7A1DF28E0CBD} = {3716D431-5B10-463D-81F0-00628ED8FEB4}
		{D4D63754-E324-4058-9009-4D995198ED42} = {3716D431-5B10-463D-81F0-00628ED8FEB4}
		{BA394A64-EECF-48E0-B48B-F88F6A0F25C4} = {3716D431-5B10-463D-81F0-00628ED8FEB4}
		{B6F0E949-D7AF-4389-92E9-EB8B104BFC3C} = {3716D431-5B10-463D-81F0-00628ED8FEB4}
		{533D6D9B-6E0E-41A2-BDBD-679DDA194631} = {5BF1473B-9D46-455F-9AEA-20AA759EEC4F}
		{8EF8A7F3-0109-45F7-9029-07AC91410182} = {C41AFD55-C5D9-4C35-97AE-1BB353C571C0}
		{AD8FE7E9-EB1F-4179-B5BE-52AC2BB6D896} = {C41AFD55-C5D9-4C35-97AE-1BB353C571C0}
		{BDE1B5F5-2066-4D5F-BDF9-3C227A1DCF50} = {B7969991-D7FF-49CD-8A3D-B987D974AC4B}
	EndGlobalSection
	GlobalSection(ExtensibilityGlobals) = postSolution
		SolutionGuid = {25CA5701-2B5F-4315-902C-475E8D2A0DA6}
	EndGlobalSection
EndGlobal
